
Microsoft Visual Studio Solution File, Format Version 12.00
# Visual Studio 15
VisualStudioVersion = 15.0.28010.2041
MinimumVisualStudioVersion = 10.0.40219.1
Project("{9A19103F-16F7-4668-BE54-9A1E7A4F7556}") = "Project", "Project\Project.csproj", "{8D662E70-CC70-46EB-893C-284782D2F824}"
EndProject
Project("{9A19103F-16F7-4668-BE54-9A1E7A4F7556}") = "_build", "_build\_build.csproj", "{09699744-4932-407F-98B9-EF7D226B76E3}"
EndProject
Global
	GlobalSection(SolutionConfigurationPlatforms) = preSolution
		Debug|Any CPU = Debug|Any CPU
		Debug|x64 = Debug|x64
		Release|Any CPU = Release|Any CPU
		Release|x64 = Release|x64
	EndGlobalSection
	GlobalSection(ProjectConfigurationPlatforms) = postSolution
		{8D662E70-CC70-46EB-893C-284782D2F824}.Debug|Any CPU.ActiveCfg = Debug|Any CPU
		{8D662E70-CC70-46EB-893C-284782D2F824}.Debug|Any CPU.Build.0 = Debug|Any CPU
		{8D662E70-CC70-46EB-893C-284782D2F824}.Debug|x64.ActiveCfg = Debug|Any CPU
		{8D662E70-CC70-46EB-893C-284782D2F824}.Debug|x64.Build.0 = Debug|Any CPU
		{8D662E70-CC70-46EB-893C-284782D2F824}.Release|Any CPU.ActiveCfg = Release|Any CPU
		{8D662E70-CC70-46EB-893C-284782D2F824}.Release|Any CPU.Build.0 = Release|Any CPU
		{8D662E70-CC70-46EB-893C-284782D2F824}.Release|x64.ActiveCfg = Release|Any CPU
		{8D662E70-CC70-46EB-893C-284782D2F824}.Release|x64.Build.0 = Release|Any CPU
		{09699744-4932-407F-98B9-EF7D226B76E3}.Debug|Any CPU.ActiveCfg = Debug|Any CPU
		{09699744-4932-407F-98B9-EF7D226B76E3}.Debug|x64.ActiveCfg = Debug|Any CPU
		{09699744-4932-407F-98B9-EF7D226B76E3}.Debug|x64.Build.0 = Debug|Any CPU
		{09699744-4932-407F-98B9-EF7D226B76E3}.Release|Any CPU.ActiveCfg = Release|Any CPU
		{09699744-4932-407F-98B9-EF7D226B76E3}.Release|x64.ActiveCfg = Release|Any CPU
		{09699744-4932-407F-98B9-EF7D226B76E3}.Release|x64.Build.0 = Release|Any CPU
	EndGlobalSection
	GlobalSection(SolutionProperties) = preSolution
		HideSolutionNode = FALSE
	EndGlobalSection
	GlobalSection(ExtensibilityGlobals) = postSolution
		SolutionGuid = {058A6B97-5A1A-4F3C-B89C-6CB7D4EA4C94}
	EndGlobalSection
EndGlobal
